
Microsoft Visual Studio Solution File, Format Version 12.00
# Visual Studio Version 17
VisualStudioVersion = 17.4.33213.308
MinimumVisualStudioVersion = 10.0.40219.1
Project("{FAE04EC0-301F-11D3-BF4B-00C04F79EFBC}") = "ChatClient", "ChatClient\ChatClient.csproj", "{CC9225F7-0B91-47E2-98CC-5A04917AFDB5}"
EndProject
Global
	GlobalSection(SolutionConfigurationPlatforms) = preSolution
		Debug|Any CPU = Debug|Any CPU
		Release|Any CPU = Release|Any CPU
	EndGlobalSection
	GlobalSection(ProjectConfigurationPlatforms) = postSolution
		{CC9225F7-0B91-47E2-98CC-5A04917AFDB5}.Debug|Any CPU.ActiveCfg = Debug|Any CPU
		{CC9225F7-0B91-47E2-98CC-5A04917AFDB5}.Debug|Any CPU.Build.0 = Debug|Any CPU
		{CC9225F7-0B91-47E2-98CC-5A04917AFDB5}.Release|Any CPU.ActiveCfg = Release|Any CPU
		{CC9225F7-0B91-47E2-98CC-5A04917AFDB5}.Release|Any CPU.Build.0 = Release|Any CPU
	EndGlobalSection
	GlobalSection(SolutionProperties) = preSolution
		HideSolutionNode = FALSE
	EndGlobalSection
	GlobalSection(ExtensibilityGlobals) = postSolution
		SolutionGuid = {97020516-8918-4933-A86D-25B60E945E9F}
	EndGlobalSection
EndGlobal
